
Microsoft Visual Studio Solution File, Format Version 12.00
# Visual Studio Version 16
VisualStudioVersion = 16.0.31025.194
MinimumVisualStudioVersion = 10.0.40219.1
Project("{FAE04EC0-301F-11D3-BF4B-00C04F79EFBC}") = "HelloWinform", "HelloWinform\HelloWinform.csproj", "{11E60EE8-0385-4A2C-B2D1-0084CDD2C53B}"
EndProject
Global
	GlobalSection(SolutionConfigurationPlatforms) = preSolution
		Debug|Any CPU = Debug|Any CPU
		Release|Any CPU = Release|Any CPU
	EndGlobalSection
	GlobalSection(ProjectConfigurationPlatforms) = postSolution
		{11E60EE8-0385-4A2C-B2D1-0084CDD2C53B}.Debug|Any CPU.ActiveCfg = Debug|Any CPU
		{11E60EE8-0385-4A2C-B2D1-0084CDD2C53B}.Debug|Any CPU.Build.0 = Debug|Any CPU
		{11E60EE8-0385-4A2C-B2D1-0084CDD2C53B}.Release|Any CPU.ActiveCfg = Release|Any CPU
		{11E60EE8-0385-4A2C-B2D1-0084CDD2C53B}.Release|Any CPU.Build.0 = Release|Any CPU
	EndGlobalSection
	GlobalSection(SolutionProperties) = preSolution
		HideSolutionNode = FALSE
	EndGlobalSection
	GlobalSection(ExtensibilityGlobals) = postSolution
		SolutionGuid = {F222F58C-1084-4D8D-8C58-D7B10EA56242}
	EndGlobalSection
EndGlobal
